hash: 6e539cab2311a0989276a33880df8f7adf498535e73f7a47958ff4a9c6c50e80
updated: 2016-08-28T18:43:15.6539096+08:00
imports:
- name: github.com/jasonsoft/napnap
  version: 6b95f90318fa255e9c7146ff6b1e475dd329d352
- name: github.com/satori/go.uuid
  version: 879c5887cd475cd7864858769793b2ceb0d44feb
- name: gopkg.in/bsm/ratelimit.v1
  version: db14e161995a5177acef654cb0dd785e8ee8bc22
- name: gopkg.in/mgo.v2
  version: 3f83fa5005286a7fe593b055f0d7771a7dce4655
  subpackages:
  - bson
  - internal/sasl
  - internal/scram
  - internal/json
- name: gopkg.in/redis.v4
  version: 49f197e6d11de35192fce19b2b9fd2f9b8b13c4a
  subpackages:
  - internal
  - internal/consistenthash
  - internal/errors
  - internal/hashtag
  - internal/pool
  - internal/proto
- name: gopkg.in/yaml.v2
  version: e4d366fc3c7938e2958e662b4258c7a89e1f0e3e
testImports: []
